<?xml version="1.0" encoding="utf-8"?>
<Project ToolsVersion="4.0" xmlns="http://schemas.microsoft.com/developer/msbuild/2003">
  <ItemGroup>
    <Filter Include="源文件">
      <UniqueIdentifier>{4FC737F1-C7A5-4376-A066-2A32D752A2FF}</UniqueIdentifier>
      <Extensions>cpp;c;cc;cxx;c++;cppm;ixx;def;odl;idl;hpj;bat;asm;asmx</Extensions>
    </Filter>
    <Filter Include="头文件">
      <UniqueIdentifier>{93995380-89BD-4b04-88EB-625FBE52EBFB}</UniqueIdentifier>
      <Extensions>h;hh;hpp;hxx;h++;hm;inl;inc;ipp;xsd</Extensions>
    </Filter>
    <Filter Include="资源文件">
      <UniqueIdentifier>{67DA6AB6-F800-4c08-8B7A-83BB121AAD01}</UniqueIdentifier>
      <Extensions>rc;ico;cur;bmp;dlg;rc2;rct;bin;rgs;gif;jpg;jpeg;jpe;resx;tiff;tif;png;wav;mfcribbon-ms</Extensions>
    </Filter>
  </ItemGroup>
  <ItemGroup>
    <ClCompile Include="app.cpp">
      <Filter>源文件</Filter>
    </ClCompile>
    <ClCompile Include="engine\core\math\color.cpp">
      <Filter>源文件</Filter>
    </ClCompile>
    <ClCompile Include="engine\core\math\vec3.cpp">
      <Filter>源文件</Filter>
    </ClCompile>
    <ClCompile Include="engine\core\math\quat.cpp">
      <Filter>源文件</Filter>
    </ClCompile>
    <ClCompile Include="engine\core\math\mat4.cpp">
      <Filter>源文件</Filter>
    </ClCompile>
    <ClCompile Include="engine\core\scene\node-2d.cpp">
      <Filter>源文件</Filter>
    </ClCompile>
    <ClCompile Include="engine\core\scene\node-3d.cpp">
      <Filter>源文件</Filter>
    </ClCompile>
    <ClCompile Include="engine\core\scene\scene.cpp">
      <Filter>源文件</Filter>
    </ClCompile>
    <ClCompile Include="engine\core\utils\uuid-util.cpp">
      <Filter>源文件</Filter>
    </ClCompile>
    <ClCompile Include="engine\core\scene\node.cpp">
      <Filter>源文件</Filter>
    </ClCompile>
    <ClCompile Include="engine\core\math\size.cpp">
      <Filter>源文件</Filter>
    </ClCompile>
    <ClCompile Include="engine\core\math\vec2.cpp">
      <Filter>源文件</Filter>
    </ClCompile>
    <ClCompile Include="engine\core\component\component.cpp">
      <Filter>源文件</Filter>
    </ClCompile>
    <ClCompile Include="engine\core\utils\time-util.cpp">
      <Filter>源文件</Filter>
    </ClCompile>
    <ClCompile Include="engine\engine.cpp">
      <Filter>源文件</Filter>
    </ClCompile>
    <ClCompile Include="engine\core\game.cpp">
      <Filter>源文件</Filter>
    </ClCompile>
    <ClCompile Include="engine\core\global\global.cpp">
      <Filter>源文件</Filter>
    </ClCompile>
    <ClCompile Include="engine\core\gfx\gfx-renderer.cpp">
      <Filter>源文件</Filter>
    </ClCompile>
    <ClCompile Include="engine\core\gfx\gfx-shader.cpp">
      <Filter>源文件</Filter>
    </ClCompile>
    <ClCompile Include="engine\core\gfx\gfx-texture.cpp">
      <Filter>源文件</Filter>
    </ClCompile>
    <ClCompile Include="engine\core\renderer\ui\ui-sprite.cpp">
      <Filter>源文件</Filter>
    </ClCompile>
    <ClCompile Include="engine\core\renderer\ui\ui-renderer.cpp">
      <Filter>源文件</Filter>
    </ClCompile>
    <ClCompile Include="editor\editor.cpp">
      <Filter>源文件</Filter>
    </ClCompile>
    <ClCompile Include="engine\core\assets\asset-load.cpp">
      <Filter>源文件</Filter>
    </ClCompile>
    <ClCompile Include="engine\core\assets\assets-manager.cpp">
      <Filter>源文件</Filter>
    </ClCompile>
    <ClCompile Include="engine\core\assets\shader.cpp">
      <Filter>源文件</Filter>
    </ClCompile>
    <ClCompile Include="engine\core\font\freetype-mgr.cpp">
      <Filter>源文件</Filter>
    </ClCompile>
    <ClCompile Include="engine\libs\stb\stb_vorbis.c">
      <Filter>源文件</Filter>
    </ClCompile>
    <ClCompile Include="engine\core\assets\asset.cpp">
      <Filter>源文件</Filter>
    </ClCompile>
    <ClCompile Include="engine\core\alpha\alpha.cpp">
      <Filter>源文件</Filter>
    </ClCompile>
    <ClCompile Include="engine\core\assets\asset-cache.cpp">
      <Filter>源文件</Filter>
    </ClCompile>
    <ClCompile Include="engine\core\assets\asset-task.cpp">
      <Filter>源文件</Filter>
    </ClCompile>
    <ClCompile Include="engine\boo.cpp">
      <Filter>源文件</Filter>
    </ClCompile>
    <ClCompile Include="engine\core\component\ui\ui-layout-horizontal.cpp">
      <Filter>源文件</Filter>
    </ClCompile>
    <ClCompile Include="engine\core\component\ui\ui-layout-vertical.cpp">
      <Filter>源文件</Filter>
    </ClCompile>
    <ClCompile Include="engine\core\component\ui\ui-widget.cpp">
      <Filter>源文件</Filter>
    </ClCompile>
    <ClCompile Include="engine\core\component\ui\ui-tree\file-tree.cpp">
      <Filter>源文件</Filter>
    </ClCompile>
    <ClCompile Include="engine\core\component\ui\ui-tree\ui-tree.cpp">
      <Filter>源文件</Filter>
    </ClCompile>
    <ClCompile Include="engine\core\event\event.cpp">
      <Filter>源文件</Filter>
    </ClCompile>
    <ClCompile Include="engine\core\renderer\ui\ui-text.cpp">
      <Filter>源文件</Filter>
    </ClCompile>
    <ClCompile Include="engine\core\utils\file-util.cpp">
      <Filter>源文件</Filter>
    </ClCompile>
    <ClCompile Include="engine\core\utils\sdf-util.cpp">
      <Filter>源文件</Filter>
    </ClCompile>
    <ClCompile Include="engine\core\utils\fmt-util.cpp">
      <Filter>源文件</Filter>
    </ClCompile>
    <ClCompile Include="engine\window\window.cpp">
      <Filter>源文件</Filter>
    </ClCompile>
    <ClCompile Include="engine\core\input\input.cpp">
      <Filter>源文件</Filter>
    </ClCompile>
    <ClCompile Include="engine\core\renderer\ui\ui-mask.cpp">
      <Filter>源文件</Filter>
    </ClCompile>
    <ClCompile Include="editor\boo-editor.cpp">
      <Filter>源文件</Filter>
    </ClCompile>
    <ClCompile Include="editor\editor-main.cpp">
      <Filter>源文件</Filter>
    </ClCompile>
    <ClCompile Include="editor\layout\editor-layout.cpp">
      <Filter>源文件</Filter>
    </ClCompile>
    <ClCompile Include="editor\layout\scene\editor-scene.cpp">
      <Filter>源文件</Filter>
    </ClCompile>
    <ClCompile Include="editor\layout\scene\editor-scene-layout.cpp">
      <Filter>源文件</Filter>
    </ClCompile>
    <ClCompile Include="editor\config\editor-config.cpp">
      <Filter>源文件</Filter>
    </ClCompile>
    <ClCompile Include="engine\core\assets\scene-asset.cpp">
      <Filter>源文件</Filter>
    </ClCompile>
    <ClCompile Include="engine\core\utils\dialog-util.cpp">
      <Filter>源文件</Filter>
    </ClCompile>
    <ClCompile Include="engine\core\component\component-factory.cpp">
      <Filter>源文件</Filter>
    </ClCompile>
    <ClCompile Include="engine\core\component\ui\ui-tree\ui-node-tree.cpp">
      <Filter>源文件</Filter>
    </ClCompile>
    <ClCompile Include="engine\core\assets\material-asset.cpp">
      <Filter>源文件</Filter>
    </ClCompile>
    <ClCompile Include="engine\core\assets\texture-asset.cpp">
      <Filter>源文件</Filter>
    </ClCompile>
    <ClCompile Include="editor\cache\editor-cache.cpp">
      <Filter>源文件</Filter>
    </ClCompile>
    <ClCompile Include="editor\cache\editor-cache-task.cpp">
      <Filter>源文件</Filter>
    </ClCompile>
    <ClCompile Include="editor\loading\editor-loading.cpp">
      <Filter>源文件</Filter>
    </ClCompile>
    <ClCompile Include="engine\core\gfx\gfx-render-texture.cpp">
      <Filter>源文件</Filter>
    </ClCompile>
    <ClCompile Include="engine\core\gfx\gfx.cpp">
      <Filter>源文件</Filter>
    </ClCompile>
    <ClCompile Include="engine\core\gfx\gfx-context.cpp">
      <Filter>源文件</Filter>
    </ClCompile>
    <ClCompile Include="engine\core\gfx\gfx-mgr.cpp">
      <Filter>源文件</Filter>
    </ClCompile>
    <ClCompile Include="engine\core\gfx\pass\gfx-pass.cpp">
      <Filter>源文件</Filter>
    </ClCompile>
    <ClCompile Include="engine\core\gfx\pass\gfx-pass-built.cpp">
      <Filter>源文件</Filter>
    </ClCompile>
    <ClCompile Include="engine\core\gfx\pass\gfx-pass-built-ui.cpp">
      <Filter>源文件</Filter>
    </ClCompile>
    <ClCompile Include="engine\core\gfx\pipeline\gfx-pipeline.cpp">
      <Filter>源文件</Filter>
    </ClCompile>
    <ClCompile Include="engine\core\gfx\pipeline\gfx-pipeline-ui.cpp">
      <Filter>源文件</Filter>
    </ClCompile>
    <ClCompile Include="engine\core\gfx\queue\gfx-render-batch.cpp">
      <Filter>源文件</Filter>
    </ClCompile>
    <ClCompile Include="engine\core\gfx\queue\gfx-render-queue.cpp">
      <Filter>源文件</Filter>
    </ClCompile>
    <ClCompile Include="engine\core\renderer\camera.cpp">
      <Filter>源文件</Filter>
    </ClCompile>
    <ClCompile Include="engine\core\gfx\buffer\gfx-buffer-ssbo.cpp">
      <Filter>源文件</Filter>
    </ClCompile>
    <ClCompile Include="engine\core\gfx\buffer\gfx-buffer-ubo.cpp">
      <Filter>源文件</Filter>
    </ClCompile>
    <ClCompile Include="engine\core\gfx\descriptor\gfx-descriptor.cpp">
      <Filter>源文件</Filter>
    </ClCompile>
  </ItemGroup>
  <ItemGroup>
    <ClInclude Include="engine\core\math\color.h">
      <Filter>头文件</Filter>
    </ClInclude>
    <ClInclude Include="engine\core\math\vec3.h">
      <Filter>头文件</Filter>
    </ClInclude>
    <ClInclude Include="engine\core\math\quat.h">
      <Filter>头文件</Filter>
    </ClInclude>
    <ClInclude Include="engine\core\math\mat4.h">
      <Filter>头文件</Filter>
    </ClInclude>
    <ClInclude Include="engine\core\scene\node-2d.h">
      <Filter>头文件</Filter>
    </ClInclude>
    <ClInclude Include="engine\core\scene\node-3d.h">
      <Filter>头文件</Filter>
    </ClInclude>
    <ClInclude Include="engine\core\scene\scene.h">
      <Filter>头文件</Filter>
    </ClInclude>
    <ClInclude Include="engine\core\utils\uuid-util.h">
      <Filter>头文件</Filter>
    </ClInclude>
    <ClInclude Include="engine\core\scene\node.h">
      <Filter>头文件</Filter>
    </ClInclude>
    <ClInclude Include="engine\core\math\size.h">
      <Filter>头文件</Filter>
    </ClInclude>
    <ClInclude Include="engine\core\math\vec2.h">
      <Filter>头文件</Filter>
    </ClInclude>
    <ClInclude Include="engine\core\component\component.h">
      <Filter>头文件</Filter>
    </ClInclude>
    <ClInclude Include="engine\core\component\component-factory.h">
      <Filter>头文件</Filter>
    </ClInclude>
    <ClInclude Include="engine\core\utils\time-util.h">
      <Filter>头文件</Filter>
    </ClInclude>
    <ClInclude Include="engine\engine.h">
      <Filter>头文件</Filter>
    </ClInclude>
    <ClInclude Include="engine\core\game.h">
      <Filter>头文件</Filter>
    </ClInclude>
    <ClInclude Include="engine\core\global\event.h">
      <Filter>头文件</Filter>
    </ClInclude>
    <ClInclude Include="engine\core\global\global.h">
      <Filter>头文件</Filter>
    </ClInclude>
    <ClInclude Include="engine\core\gfx\gfx-renderer.h">
      <Filter>头文件</Filter>
    </ClInclude>
    <ClInclude Include="engine\core\gfx\gfx-shader.h">
      <Filter>头文件</Filter>
    </ClInclude>
    <ClInclude Include="engine\core\gfx\gfx-struct.h">
      <Filter>头文件</Filter>
    </ClInclude>
    <ClInclude Include="engine\core\gfx\gfx-texture.h">
      <Filter>头文件</Filter>
    </ClInclude>
    <ClInclude Include="engine\core\renderer\ui\ui-sprite.h">
      <Filter>头文件</Filter>
    </ClInclude>
    <ClInclude Include="engine\core\renderer\ui\ui-renderer.h">
      <Filter>头文件</Filter>
    </ClInclude>
    <ClInclude Include="editor\editor.h">
      <Filter>头文件</Filter>
    </ClInclude>
    <ClInclude Include="engine\core\assets\assets.h">
      <Filter>头文件</Filter>
    </ClInclude>
    <ClInclude Include="engine\core\assets\asset.h">
      <Filter>头文件</Filter>
    </ClInclude>
    <ClInclude Include="engine\core\assets\asset-load.h">
      <Filter>头文件</Filter>
    </ClInclude>
    <ClInclude Include="engine\core\assets\assets-manager.h">
      <Filter>头文件</Filter>
    </ClInclude>
    <ClInclude Include="engine\core\assets\shader.h">
      <Filter>头文件</Filter>
    </ClInclude>
    <ClInclude Include="engine\core\assets\texture.h">
      <Filter>头文件</Filter>
    </ClInclude>
    <ClInclude Include="engine\core\font\freetype-mgr.h">
      <Filter>头文件</Filter>
    </ClInclude>
    <ClInclude Include="engine\libs\nlohmann\fifo_map.hpp">
      <Filter>头文件</Filter>
    </ClInclude>
    <ClInclude Include="engine\libs\nlohmann\json.hpp">
      <Filter>头文件</Filter>
    </ClInclude>
    <ClInclude Include="engine\libs\stb\stb_c_lexer.h">
      <Filter>头文件</Filter>
    </ClInclude>
    <ClInclude Include="engine\libs\stb\stb_connected_components.h">
      <Filter>头文件</Filter>
    </ClInclude>
    <ClInclude Include="engine\libs\stb\stb_divide.h">
      <Filter>头文件</Filter>
    </ClInclude>
    <ClInclude Include="engine\libs\stb\stb_ds.h">
      <Filter>头文件</Filter>
    </ClInclude>
    <ClInclude Include="engine\libs\stb\stb_dxt.h">
      <Filter>头文件</Filter>
    </ClInclude>
    <ClInclude Include="engine\libs\stb\stb_easy_font.h">
      <Filter>头文件</Filter>
    </ClInclude>
    <ClInclude Include="engine\libs\stb\stb_herringbone_wang_tile.h">
      <Filter>头文件</Filter>
    </ClInclude>
    <ClInclude Include="engine\libs\stb\stb_hexwave.h">
      <Filter>头文件</Filter>
    </ClInclude>
    <ClInclude Include="engine\libs\stb\stb_image.h">
      <Filter>头文件</Filter>
    </ClInclude>
    <ClInclude Include="engine\libs\stb\stb_image_resize2.h">
      <Filter>头文件</Filter>
    </ClInclude>
    <ClInclude Include="engine\libs\stb\stb_image_write.h">
      <Filter>头文件</Filter>
    </ClInclude>
    <ClInclude Include="engine\libs\stb\stb_include.h">
      <Filter>头文件</Filter>
    </ClInclude>
    <ClInclude Include="engine\libs\stb\stb_leakcheck.h">
      <Filter>头文件</Filter>
    </ClInclude>
    <ClInclude Include="engine\libs\stb\stb_perlin.h">
      <Filter>头文件</Filter>
    </ClInclude>
    <ClInclude Include="engine\libs\stb\stb_rect_pack.h">
      <Filter>头文件</Filter>
    </ClInclude>
    <ClInclude Include="engine\libs\stb\stb_sprintf.h">
      <Filter>头文件</Filter>
    </ClInclude>
    <ClInclude Include="engine\libs\stb\stb_textedit.h">
      <Filter>头文件</Filter>
    </ClInclude>
    <ClInclude Include="engine\libs\stb\stb_tilemap_editor.h">
      <Filter>头文件</Filter>
    </ClInclude>
    <ClInclude Include="engine\libs\stb\stb_truetype.h">
      <Filter>头文件</Filter>
    </ClInclude>
    <ClInclude Include="engine\libs\stb\stb_voxel_render.h">
      <Filter>头文件</Filter>
    </ClInclude>
    <ClInclude Include="engine\core\assets\material.h">
      <Filter>头文件</Filter>
    </ClInclude>
    <ClInclude Include="engine\core\alpha\alpha.h">
      <Filter>头文件</Filter>
    </ClInclude>
    <ClInclude Include="engine\core\assets\asset-cache.h">
      <Filter>头文件</Filter>
    </ClInclude>
    <ClInclude Include="engine\core\assets\asset-task.h">
      <Filter>头文件</Filter>
    </ClInclude>
    <ClInclude Include="engine\boo.h">
      <Filter>头文件</Filter>
    </ClInclude>
    <ClInclude Include="engine\core\component\ui\ui-layout-horizontal.h">
      <Filter>头文件</Filter>
    </ClInclude>
    <ClInclude Include="engine\core\component\ui\ui-layout-vertical.h">
      <Filter>头文件</Filter>
    </ClInclude>
    <ClInclude Include="engine\core\component\ui\ui-widget.h">
      <Filter>头文件</Filter>
    </ClInclude>
    <ClInclude Include="engine\core\component\ui\ui-tree\file-tree.h">
      <Filter>头文件</Filter>
    </ClInclude>
    <ClInclude Include="engine\core\component\ui\ui-tree\ui-tree.h">
      <Filter>头文件</Filter>
    </ClInclude>
    <ClInclude Include="engine\core\event\event.h">
      <Filter>头文件</Filter>
    </ClInclude>
    <ClInclude Include="engine\core\renderer\ui\ui-text.h">
      <Filter>头文件</Filter>
    </ClInclude>
    <ClInclude Include="engine\core\utils\file-util.h">
      <Filter>头文件</Filter>
    </ClInclude>
    <ClInclude Include="engine\core\utils\sdf-util.h">
      <Filter>头文件</Filter>
    </ClInclude>
    <ClInclude Include="engine\core\utils\fmt-util.h">
      <Filter>头文件</Filter>
    </ClInclude>
    <ClInclude Include="engine\libs\boost\locale.hpp">
      <Filter>头文件</Filter>
    </ClInclude>
    <ClInclude Include="engine\libs\boost\locale\boundary\boundary_point.hpp">
      <Filter>头文件</Filter>
    </ClInclude>
    <ClInclude Include="engine\libs\boost\locale\boundary\facets.hpp">
      <Filter>头文件</Filter>
    </ClInclude>
    <ClInclude Include="engine\libs\boost\locale\boundary\index.hpp">
      <Filter>头文件</Filter>
    </ClInclude>
    <ClInclude Include="engine\libs\boost\locale\boundary\segment.hpp">
      <Filter>头文件</Filter>
    </ClInclude>
    <ClInclude Include="engine\libs\boost\locale\boundary\types.hpp">
      <Filter>头文件</Filter>
    </ClInclude>
    <ClInclude Include="engine\libs\boost\locale\detail\allocator_traits.hpp">
      <Filter>头文件</Filter>
    </ClInclude>
    <ClInclude Include="engine\libs\boost\locale\detail\any_string.hpp">
      <Filter>头文件</Filter>
    </ClInclude>
    <ClInclude Include="engine\libs\boost\locale\detail\encoding.hpp">
      <Filter>头文件</Filter>
    </ClInclude>
    <ClInclude Include="engine\libs\boost\locale\detail\facet_id.hpp">
      <Filter>头文件</Filter>
    </ClInclude>
    <ClInclude Include="engine\libs\boost\locale\detail\is_supported_char.hpp">
      <Filter>头文件</Filter>
    </ClInclude>
    <ClInclude Include="engine\libs\boost\locale\util\locale_data.hpp">
      <Filter>头文件</Filter>
    </ClInclude>
    <ClInclude Include="engine\libs\boost\locale\util\string.hpp">
      <Filter>头文件</Filter>
    </ClInclude>
    <ClInclude Include="engine\libs\boost\locale\boundary.hpp">
      <Filter>头文件</Filter>
    </ClInclude>
    <ClInclude Include="engine\libs\boost\locale\collator.hpp">
      <Filter>头文件</Filter>
    </ClInclude>
    <ClInclude Include="engine\libs\boost\locale\config.hpp">
      <Filter>头文件</Filter>
    </ClInclude>
    <ClInclude Include="engine\libs\boost\locale\conversion.hpp">
      <Filter>头文件</Filter>
    </ClInclude>
    <ClInclude Include="engine\libs\boost\locale\date_time.hpp">
      <Filter>头文件</Filter>
    </ClInclude>
    <ClInclude Include="engine\libs\boost\locale\date_time_facet.hpp">
      <Filter>头文件</Filter>
    </ClInclude>
    <ClInclude Include="engine\libs\boost\locale\encoding.hpp">
      <Filter>头文件</Filter>
    </ClInclude>
    <ClInclude Include="engine\libs\boost\locale\encoding_errors.hpp">
      <Filter>头文件</Filter>
    </ClInclude>
    <ClInclude Include="engine\libs\boost\locale\encoding_utf.hpp">
      <Filter>头文件</Filter>
    </ClInclude>
    <ClInclude Include="engine\libs\boost\locale\format.hpp">
      <Filter>头文件</Filter>
    </ClInclude>
    <ClInclude Include="engine\libs\boost\locale\formatting.hpp">
      <Filter>头文件</Filter>
    </ClInclude>
    <ClInclude Include="engine\libs\boost\locale\generator.hpp">
      <Filter>头文件</Filter>
    </ClInclude>
    <ClInclude Include="engine\libs\boost\locale\generic_codecvt.hpp">
      <Filter>头文件</Filter>
    </ClInclude>
    <ClInclude Include="engine\libs\boost\locale\gnu_gettext.hpp">
      <Filter>头文件</Filter>
    </ClInclude>
    <ClInclude Include="engine\libs\boost\locale\hold_ptr.hpp">
      <Filter>头文件</Filter>
    </ClInclude>
    <ClInclude Include="engine\libs\boost\locale\info.hpp">
      <Filter>头文件</Filter>
    </ClInclude>
    <ClInclude Include="engine\libs\boost\locale\localization_backend.hpp">
      <Filter>头文件</Filter>
    </ClInclude>
    <ClInclude Include="engine\libs\boost\locale\message.hpp">
      <Filter>头文件</Filter>
    </ClInclude>
    <ClInclude Include="engine\libs\boost\locale\time_zone.hpp">
      <Filter>头文件</Filter>
    </ClInclude>
    <ClInclude Include="engine\libs\boost\locale\utf.hpp">
      <Filter>头文件</Filter>
    </ClInclude>
    <ClInclude Include="engine\libs\boost\locale\utf8_codecvt.hpp">
      <Filter>头文件</Filter>
    </ClInclude>
    <ClInclude Include="engine\libs\boost\locale\util.hpp">
      <Filter>头文件</Filter>
    </ClInclude>
    <ClInclude Include="engine\window\window.h">
      <Filter>头文件</Filter>
    </ClInclude>
    <ClInclude Include="engine\core\input\input.h">
      <Filter>头文件</Filter>
    </ClInclude>
    <ClInclude Include="engine\core\scene\node-2d-impl.h">
      <Filter>头文件</Filter>
    </ClInclude>
    <ClInclude Include="engine\core\input\input-impl.h">
      <Filter>头文件</Filter>
    </ClInclude>
    <ClInclude Include="engine\core\gfx\gfx-shader-struct.h">
      <Filter>头文件</Filter>
    </ClInclude>
    <ClInclude Include="engine\core\renderer\ui\ui-mask.h">
      <Filter>头文件</Filter>
    </ClInclude>
    <ClInclude Include="editor\boo-editor.h">
      <Filter>头文件</Filter>
    </ClInclude>
    <ClInclude Include="editor\editor-main.h">
      <Filter>头文件</Filter>
    </ClInclude>
    <ClInclude Include="editor\layout\editor-layout.h">
      <Filter>头文件</Filter>
    </ClInclude>
    <ClInclude Include="editor\layout\editor-loading.h">
      <Filter>头文件</Filter>
    </ClInclude>
    <ClInclude Include="editor\layout\scene\editor-scene.h">
      <Filter>头文件</Filter>
    </ClInclude>
    <ClInclude Include="editor\layout\scene\editor-scene-layout.h">
      <Filter>头文件</Filter>
    </ClInclude>
    <ClInclude Include="editor\config\editor-config.h">
      <Filter>头文件</Filter>
    </ClInclude>
    <ClInclude Include="editor\cache\editor-assets-cache.h">
      <Filter>头文件</Filter>
    </ClInclude>
    <ClInclude Include="editor\cache\editor-config-cache.h">
      <Filter>头文件</Filter>
    </ClInclude>
    <ClInclude Include="editor\cache\editor-project-cache.h">
      <Filter>头文件</Filter>
    </ClInclude>
    <ClInclude Include="editor\cache\editor-scene-cache.h">
      <Filter>头文件</Filter>
    </ClInclude>
    <ClInclude Include="engine\core\assets\scene-asset.h">
      <Filter>头文件</Filter>
    </ClInclude>
    <ClInclude Include="engine\core\scene\node-3d-impl.h">
      <Filter>头文件</Filter>
    </ClInclude>
    <ClInclude Include="engine\core\utils\dialog-util.h">
      <Filter>头文件</Filter>
    </ClInclude>
    <ClInclude Include="engine\core\utils\json-util.h">
      <Filter>头文件</Filter>
    </ClInclude>
    <ClInclude Include="engine\core\component\component-factory-impl.h">
      <Filter>头文件</Filter>
    </ClInclude>
    <ClInclude Include="engine\core\component\component-register.h">
      <Filter>头文件</Filter>
    </ClInclude>
    <ClInclude Include="engine\core\component\ui\ui-tree\ui-node-tree.h">
      <Filter>头文件</Filter>
    </ClInclude>
    <ClInclude Include="engine\core\component\component-property-reflect.h">
      <Filter>头文件</Filter>
    </ClInclude>
    <ClInclude Include="engine\core\component\component-property-register.h">
      <Filter>头文件</Filter>
    </ClInclude>
    <ClInclude Include="engine\core\assets\material-asset.h">
      <Filter>头文件</Filter>
    </ClInclude>
    <ClInclude Include="engine\core\assets\texture-asset.h">
      <Filter>头文件</Filter>
    </ClInclude>
    <ClInclude Include="editor\cache\editor-cache.h">
      <Filter>头文件</Filter>
    </ClInclude>
    <ClInclude Include="editor\cache\editor-cache-task.h">
      <Filter>头文件</Filter>
    </ClInclude>
    <ClInclude Include="editor\loading\editor-loading.h">
      <Filter>头文件</Filter>
    </ClInclude>
    <ClInclude Include="engine\core\assets\asset-struct.h">
      <Filter>头文件</Filter>
    </ClInclude>
    <ClInclude Include="engine\core\gfx\gfx-render-texture.h">
      <Filter>头文件</Filter>
    </ClInclude>
    <ClInclude Include="engine\core\gfx\gfx.h">
      <Filter>头文件</Filter>
    </ClInclude>
    <ClInclude Include="engine\core\gfx\gfx-context.h">
      <Filter>头文件</Filter>
    </ClInclude>
    <ClInclude Include="engine\core\gfx\gfx-mgr.h">
      <Filter>头文件</Filter>
    </ClInclude>
    <ClInclude Include="engine\core\gfx\pass\gfx-pass.h">
      <Filter>头文件</Filter>
    </ClInclude>
    <ClInclude Include="engine\core\gfx\pass\gfx-pass-built.h">
      <Filter>头文件</Filter>
    </ClInclude>
    <ClInclude Include="engine\core\gfx\pass\gfx-pass-built-ui.h">
      <Filter>头文件</Filter>
    </ClInclude>
    <ClInclude Include="engine\core\gfx\pipeline\gfx-pipeline.h">
      <Filter>头文件</Filter>
    </ClInclude>
    <ClInclude Include="engine\core\gfx\pipeline\gfx-pipeline-struct.h">
      <Filter>头文件</Filter>
    </ClInclude>
    <ClInclude Include="engine\core\gfx\pipeline\gfx-pipeline-ui.h">
      <Filter>头文件</Filter>
    </ClInclude>
    <ClInclude Include="engine\core\gfx\queue\gfx-render-batch.h">
      <Filter>头文件</Filter>
    </ClInclude>
    <ClInclude Include="engine\core\gfx\queue\gfx-render-queue.h">
      <Filter>头文件</Filter>
    </ClInclude>
    <ClInclude Include="engine\core\renderer\camera.h">
      <Filter>头文件</Filter>
    </ClInclude>
    <ClInclude Include="engine\core\gfx\buffer\gfx-buffer-ssbo.h">
      <Filter>头文件</Filter>
    </ClInclude>
    <ClInclude Include="engine\core\gfx\buffer\gfx-buffer-ubo.h">
      <Filter>头文件</Filter>
    </ClInclude>
    <ClInclude Include="engine\core\gfx\descriptor\gfx-descriptor.h">
      <Filter>头文件</Filter>
    </ClInclude>
  </ItemGroup>
  <ItemGroup>
    <None Include="engine\readme.md" />
    <None Include="engine\core\gfx\readme.md" />
  </ItemGroup>
</Project>