<?xml version="1.0" encoding="utf-8"?>
<Project ToolsVersion="4.0" xmlns="http://schemas.microsoft.com/developer/msbuild/2003">
  <ItemGroup>
    <Filter Include="源文件">
      <UniqueIdentifier>{4FC737F1-C7A5-4376-A066-2A32D752A2FF}</UniqueIdentifier>
      <Extensions>cpp;c;cc;cxx;c++;cppm;ixx;def;odl;idl;hpj;bat;asm;asmx</Extensions>
    </Filter>
    <Filter Include="头文件">
      <UniqueIdentifier>{93995380-89BD-4b04-88EB-625FBE52EBFB}</UniqueIdentifier>
      <Extensions>h;hh;hpp;hxx;h++;hm;inl;inc;ipp;xsd</Extensions>
    </Filter>
    <Filter Include="资源文件">
      <UniqueIdentifier>{67DA6AB6-F800-4c08-8B7A-83BB121AAD01}</UniqueIdentifier>
      <Extensions>rc;ico;cur;bmp;dlg;rc2;rct;bin;rgs;gif;jpg;jpeg;jpe;resx;tiff;tif;png;wav;mfcribbon-ms</Extensions>
    </Filter>
  </ItemGroup>
  <ItemGroup>
    <ClCompile Include="app.cpp">
      <Filter>源文件</Filter>
    </ClCompile>
    <ClCompile Include="engine\core\math\color.cpp">
      <Filter>源文件</Filter>
    </ClCompile>
    <ClCompile Include="engine\core\math\vec3.cpp">
      <Filter>源文件</Filter>
    </ClCompile>
    <ClCompile Include="engine\core\math\quat.cpp">
      <Filter>源文件</Filter>
    </ClCompile>
    <ClCompile Include="engine\core\math\mat4.cpp">
      <Filter>源文件</Filter>
    </ClCompile>
    <ClCompile Include="engine\core\scene\node-2d.cpp">
      <Filter>源文件</Filter>
    </ClCompile>
    <ClCompile Include="engine\core\scene\node-3d.cpp">
      <Filter>源文件</Filter>
    </ClCompile>
    <ClCompile Include="engine\core\scene\scene.cpp">
      <Filter>源文件</Filter>
    </ClCompile>
    <ClCompile Include="engine\core\utils\uuid-util.cpp">
      <Filter>源文件</Filter>
    </ClCompile>
    <ClCompile Include="engine\core\scene\node.cpp">
      <Filter>源文件</Filter>
    </ClCompile>
    <ClCompile Include="engine\core\math\size.cpp">
      <Filter>源文件</Filter>
    </ClCompile>
    <ClCompile Include="engine\core\math\vec2.cpp">
      <Filter>源文件</Filter>
    </ClCompile>
    <ClCompile Include="engine\core\component\component.cpp">
      <Filter>源文件</Filter>
    </ClCompile>
    <ClCompile Include="engine\core\component\component-factory.cpp">
      <Filter>源文件</Filter>
    </ClCompile>
    <ClCompile Include="engine\window\window-mgr.cpp">
      <Filter>源文件</Filter>
    </ClCompile>
    <ClCompile Include="engine\core\utils\time-util.cpp">
      <Filter>源文件</Filter>
    </ClCompile>
    <ClCompile Include="engine\engine.cpp">
      <Filter>源文件</Filter>
    </ClCompile>
    <ClCompile Include="engine\core\game.cpp">
      <Filter>源文件</Filter>
    </ClCompile>
    <ClCompile Include="engine\core\global\event.cpp">
      <Filter>源文件</Filter>
    </ClCompile>
    <ClCompile Include="engine\core\global\global.cpp">
      <Filter>源文件</Filter>
    </ClCompile>
    <ClCompile Include="engine\core\gfx\gfx-context.cpp">
      <Filter>源文件</Filter>
    </ClCompile>
    <ClCompile Include="engine\core\gfx\gfx-mgr.cpp">
      <Filter>源文件</Filter>
    </ClCompile>
    <ClCompile Include="engine\core\gfx\gfx-object.cpp">
      <Filter>源文件</Filter>
    </ClCompile>
    <ClCompile Include="engine\core\gfx\gfx-pass.cpp">
      <Filter>源文件</Filter>
    </ClCompile>
    <ClCompile Include="engine\core\gfx\gfx-pipeline.cpp">
      <Filter>源文件</Filter>
    </ClCompile>
    <ClCompile Include="engine\core\gfx\gfx-queue.cpp">
      <Filter>源文件</Filter>
    </ClCompile>
    <ClCompile Include="engine\core\gfx\gfx-renderer.cpp">
      <Filter>源文件</Filter>
    </ClCompile>
    <ClCompile Include="engine\core\gfx\gfx-shader.cpp">
      <Filter>源文件</Filter>
    </ClCompile>
    <ClCompile Include="engine\core\gfx\gfx-texture.cpp">
      <Filter>源文件</Filter>
    </ClCompile>
    <ClCompile Include="engine\core\renderer\ui\ui-sprite.cpp">
      <Filter>源文件</Filter>
    </ClCompile>
    <ClCompile Include="engine\core\renderer\ui\ui-renderer.cpp">
      <Filter>源文件</Filter>
    </ClCompile>
    <ClCompile Include="editor\editor.cpp">
      <Filter>源文件</Filter>
    </ClCompile>
    <ClCompile Include="editor\editor-config.cpp">
      <Filter>源文件</Filter>
    </ClCompile>
    <ClCompile Include="editor\editor-layout.cpp">
      <Filter>源文件</Filter>
    </ClCompile>
    <ClCompile Include="editor\ipc\editor-ipc.cpp">
      <Filter>源文件</Filter>
    </ClCompile>
    <ClCompile Include="engine\core\assets\asset-load.cpp">
      <Filter>源文件</Filter>
    </ClCompile>
    <ClCompile Include="engine\core\assets\assets-manager.cpp">
      <Filter>源文件</Filter>
    </ClCompile>
    <ClCompile Include="engine\core\assets\shader.cpp">
      <Filter>源文件</Filter>
    </ClCompile>
    <ClCompile Include="engine\core\assets\texture.cpp">
      <Filter>源文件</Filter>
    </ClCompile>
    <ClCompile Include="engine\core\font\freetype-mgr.cpp">
      <Filter>源文件</Filter>
    </ClCompile>
    <ClCompile Include="engine\libs\stb\stb_vorbis.c">
      <Filter>源文件</Filter>
    </ClCompile>
    <ClCompile Include="engine\core\assets\asset.cpp">
      <Filter>源文件</Filter>
    </ClCompile>
    <ClCompile Include="engine\core\gfx\gfx-shader-compile.cpp">
      <Filter>源文件</Filter>
    </ClCompile>
    <ClCompile Include="engine\core\assets\material.cpp">
      <Filter>源文件</Filter>
    </ClCompile>
  </ItemGroup>
  <ItemGroup>
    <ClInclude Include="engine\core\math\color.h">
      <Filter>头文件</Filter>
    </ClInclude>
    <ClInclude Include="engine\core\math\vec3.h">
      <Filter>头文件</Filter>
    </ClInclude>
    <ClInclude Include="engine\core\math\quat.h">
      <Filter>头文件</Filter>
    </ClInclude>
    <ClInclude Include="engine\core\math\mat4.h">
      <Filter>头文件</Filter>
    </ClInclude>
    <ClInclude Include="engine\core\scene\node-2d.h">
      <Filter>头文件</Filter>
    </ClInclude>
    <ClInclude Include="engine\core\scene\node-3d.h">
      <Filter>头文件</Filter>
    </ClInclude>
    <ClInclude Include="engine\core\scene\scene.h">
      <Filter>头文件</Filter>
    </ClInclude>
    <ClInclude Include="engine\core\utils\uuid-util.h">
      <Filter>头文件</Filter>
    </ClInclude>
    <ClInclude Include="engine\core\scene\node.h">
      <Filter>头文件</Filter>
    </ClInclude>
    <ClInclude Include="engine\core\math\size.h">
      <Filter>头文件</Filter>
    </ClInclude>
    <ClInclude Include="engine\core\math\vec2.h">
      <Filter>头文件</Filter>
    </ClInclude>
    <ClInclude Include="engine\core\component\component.h">
      <Filter>头文件</Filter>
    </ClInclude>
    <ClInclude Include="engine\core\component\component-factory.h">
      <Filter>头文件</Filter>
    </ClInclude>
    <ClInclude Include="engine\window\window-mgr.h">
      <Filter>头文件</Filter>
    </ClInclude>
    <ClInclude Include="engine\core\utils\time-util.h">
      <Filter>头文件</Filter>
    </ClInclude>
    <ClInclude Include="engine\engine.h">
      <Filter>头文件</Filter>
    </ClInclude>
    <ClInclude Include="engine\core\game.h">
      <Filter>头文件</Filter>
    </ClInclude>
    <ClInclude Include="engine\core\global\event.h">
      <Filter>头文件</Filter>
    </ClInclude>
    <ClInclude Include="engine\core\global\global.h">
      <Filter>头文件</Filter>
    </ClInclude>
    <ClInclude Include="engine\core\gfx\gfx-context.h">
      <Filter>头文件</Filter>
    </ClInclude>
    <ClInclude Include="engine\core\gfx\gfx-mgr.h">
      <Filter>头文件</Filter>
    </ClInclude>
    <ClInclude Include="engine\core\gfx\gfx-object.h">
      <Filter>头文件</Filter>
    </ClInclude>
    <ClInclude Include="engine\core\gfx\gfx-pass.h">
      <Filter>头文件</Filter>
    </ClInclude>
    <ClInclude Include="engine\core\gfx\gfx-pass-struct.h">
      <Filter>头文件</Filter>
    </ClInclude>
    <ClInclude Include="engine\core\gfx\gfx-pipeline.h">
      <Filter>头文件</Filter>
    </ClInclude>
    <ClInclude Include="engine\core\gfx\gfx-pipeline-struct.h">
      <Filter>头文件</Filter>
    </ClInclude>
    <ClInclude Include="engine\core\gfx\gfx-queue.h">
      <Filter>头文件</Filter>
    </ClInclude>
    <ClInclude Include="engine\core\gfx\gfx-renderer.h">
      <Filter>头文件</Filter>
    </ClInclude>
    <ClInclude Include="engine\core\gfx\gfx-shader.h">
      <Filter>头文件</Filter>
    </ClInclude>
    <ClInclude Include="engine\core\gfx\gfx-struct.h">
      <Filter>头文件</Filter>
    </ClInclude>
    <ClInclude Include="engine\core\gfx\gfx-texture.h">
      <Filter>头文件</Filter>
    </ClInclude>
    <ClInclude Include="engine\core\renderer\ui\ui-sprite.h">
      <Filter>头文件</Filter>
    </ClInclude>
    <ClInclude Include="engine\core\renderer\ui\ui-renderer.h">
      <Filter>头文件</Filter>
    </ClInclude>
    <ClInclude Include="editor\editor.h">
      <Filter>头文件</Filter>
    </ClInclude>
    <ClInclude Include="editor\editor-config.h">
      <Filter>头文件</Filter>
    </ClInclude>
    <ClInclude Include="editor\editor-layout.h">
      <Filter>头文件</Filter>
    </ClInclude>
    <ClInclude Include="editor\ipc\editor-ipc.h">
      <Filter>头文件</Filter>
    </ClInclude>
    <ClInclude Include="engine\core\assets\assets.h">
      <Filter>头文件</Filter>
    </ClInclude>
    <ClInclude Include="engine\core\assets\asset.h">
      <Filter>头文件</Filter>
    </ClInclude>
    <ClInclude Include="engine\core\assets\asset-load.h">
      <Filter>头文件</Filter>
    </ClInclude>
    <ClInclude Include="engine\core\assets\assets-manager.h">
      <Filter>头文件</Filter>
    </ClInclude>
    <ClInclude Include="engine\core\assets\shader.h">
      <Filter>头文件</Filter>
    </ClInclude>
    <ClInclude Include="engine\core\assets\texture.h">
      <Filter>头文件</Filter>
    </ClInclude>
    <ClInclude Include="engine\core\font\freetype-mgr.h">
      <Filter>头文件</Filter>
    </ClInclude>
    <ClInclude Include="engine\libs\nlohmann\fifo_map.hpp">
      <Filter>头文件</Filter>
    </ClInclude>
    <ClInclude Include="engine\libs\nlohmann\json.hpp">
      <Filter>头文件</Filter>
    </ClInclude>
    <ClInclude Include="engine\libs\stb\stb_c_lexer.h">
      <Filter>头文件</Filter>
    </ClInclude>
    <ClInclude Include="engine\libs\stb\stb_connected_components.h">
      <Filter>头文件</Filter>
    </ClInclude>
    <ClInclude Include="engine\libs\stb\stb_divide.h">
      <Filter>头文件</Filter>
    </ClInclude>
    <ClInclude Include="engine\libs\stb\stb_ds.h">
      <Filter>头文件</Filter>
    </ClInclude>
    <ClInclude Include="engine\libs\stb\stb_dxt.h">
      <Filter>头文件</Filter>
    </ClInclude>
    <ClInclude Include="engine\libs\stb\stb_easy_font.h">
      <Filter>头文件</Filter>
    </ClInclude>
    <ClInclude Include="engine\libs\stb\stb_herringbone_wang_tile.h">
      <Filter>头文件</Filter>
    </ClInclude>
    <ClInclude Include="engine\libs\stb\stb_hexwave.h">
      <Filter>头文件</Filter>
    </ClInclude>
    <ClInclude Include="engine\libs\stb\stb_image.h">
      <Filter>头文件</Filter>
    </ClInclude>
    <ClInclude Include="engine\libs\stb\stb_image_resize2.h">
      <Filter>头文件</Filter>
    </ClInclude>
    <ClInclude Include="engine\libs\stb\stb_image_write.h">
      <Filter>头文件</Filter>
    </ClInclude>
    <ClInclude Include="engine\libs\stb\stb_include.h">
      <Filter>头文件</Filter>
    </ClInclude>
    <ClInclude Include="engine\libs\stb\stb_leakcheck.h">
      <Filter>头文件</Filter>
    </ClInclude>
    <ClInclude Include="engine\libs\stb\stb_perlin.h">
      <Filter>头文件</Filter>
    </ClInclude>
    <ClInclude Include="engine\libs\stb\stb_rect_pack.h">
      <Filter>头文件</Filter>
    </ClInclude>
    <ClInclude Include="engine\libs\stb\stb_sprintf.h">
      <Filter>头文件</Filter>
    </ClInclude>
    <ClInclude Include="engine\libs\stb\stb_textedit.h">
      <Filter>头文件</Filter>
    </ClInclude>
    <ClInclude Include="engine\libs\stb\stb_tilemap_editor.h">
      <Filter>头文件</Filter>
    </ClInclude>
    <ClInclude Include="engine\libs\stb\stb_truetype.h">
      <Filter>头文件</Filter>
    </ClInclude>
    <ClInclude Include="engine\libs\stb\stb_voxel_render.h">
      <Filter>头文件</Filter>
    </ClInclude>
    <ClInclude Include="engine\core\gfx\gfx-shader-compile.h">
      <Filter>头文件</Filter>
    </ClInclude>
    <ClInclude Include="engine\core\assets\material.h">
      <Filter>头文件</Filter>
    </ClInclude>
  </ItemGroup>
  <ItemGroup>
    <None Include="engine\readme.md" />
    <None Include="engine\core\gfx\readme.md" />
  </ItemGroup>
</Project>